{
  "name": "soundmodem-web",
  "lockfileVersion": 3,
  "requires": true,
  "packages": {
    "": {
      "name": "soundmodem-web",
      "devDependencies": {
        "@packet-net/ax25": "0.22.0",
        "@packet-net/soundmodem": "0.71.0"
      }
    },
    "node_modules/@packet-net/ax25": {
      "version": "0.22.0",
      "resolved": "https://registry.npmjs.org/@packet-net/ax25/-/ax25-0.22.0.tgz",
      "integrity": "sha512-YXod5RMwrMG5s1j1pmegGZEyVdiKrLJia1hgAGLBSwu3J3wMiIrJdgrersw/6HNwJ2iORAYQ1Nj2Bu2ZEu8A3A==",
      "dev": true,
      "dependencies": {
        "ax25sdl": "^0.12.0"
      },
      "engines": {
        "node": ">=18"
      }
    },
    "node_modules/@packet-net/soundmodem": {
      "version": "0.71.0",
      "resolved": "https://registry.npmjs.org/@packet-net/soundmodem/-/soundmodem-0.71.0.tgz",
      "integrity": "sha512-hH8NPVZ3Zd1OjlY87vIARhmq5J1IOm0wfUPYY+fG5YW/+SQnZzuLbPq8I5txvFIgfn6jOll9lKdnYxa5a/l02g==",
      "dev": true,
      "engines": {
        "node": ">=20"
      }
    },
    "node_modules/ax25sdl": {
      "version": "0.12.0",
      "resolved": "https://registry.npmjs.org/ax25sdl/-/ax25sdl-0.12.0.tgz",
      "integrity": "sha512-FZOwc/ocB90y7SidK+VjPbLMMLBU/tfHgrbS+oCfU2dSF5wYpuyobQGd3YXQlOa/hzCx6GHKXhMfXTDQLuFRwA==",
      "dev": true
    }
  }
}
